{
  "requires": true,
  "lockfileVersion": 1,
  "dependencies": {
    "cloc": {
      "version": "2.7.0",
      "resolved": "https://registry.npmjs.org/cloc/-/cloc-2.7.0.tgz",
      "integrity": "sha512-oYzWIKkf4NoBnAgRcSEEKT0RUI0S9ZYeyAPSgcAQPT/bnG6m8Kkzrguhjy3Q218o6uWPoGdhT5cmtdxL4gpTYQ=="
    }
  }
}
