
Microsoft Visual Studio Solution File, Format Version 12.00
# Visual Studio Version 16
VisualStudioVersion = 16.0.30413.136
MinimumVisualStudioVersion = 10.0.40219.1
Project("{9A19103F-16F7-4668-BE54-9A1E7A4F7556}") = "WorldYachts", "WorldYachts\WorldYachts.csproj", "{B1BEB6E3-4ED5-469C-9A0C-3031B1EADE13}"
EndProject
Project("{9A19103F-16F7-4668-BE54-9A1E7A4F7556}") = "WorldYachts.Services", "WorldYachts.Services\WorldYachts.Services.csproj", "{035681ED-7094-43E1-8BA9-7E23B1C5E13B}"
EndProject
Project("{FAE04EC0-301F-11D3-BF4B-00C04F79EFBC}") = "WorldYachts.Tests", "WorldYachts.Tests\WorldYachts.Tests.csproj", "{ADEE1976-F947-413B-A18E-EA232F352758}"
EndProject
Project("{FAE04EC0-301F-11D3-BF4B-00C04F79EFBC}") = "WorldYachts.Data", "WorldYachts.Data\WorldYachts.Data.csproj", "{C0D47F0B-4CA4-453D-8A30-40E0CF672402}"
EndProject
Global
	GlobalSection(SolutionConfigurationPlatforms) = preSolution
		Debug|Any CPU = Debug|Any CPU
		Release|Any CPU = Release|Any CPU
	EndGlobalSection
	GlobalSection(ProjectConfigurationPlatforms) = postSolution
		{B1BEB6E3-4ED5-469C-9A0C-3031B1EADE13}.Debug|Any CPU.ActiveCfg = Debug|Any CPU
		{B1BEB6E3-4ED5-469C-9A0C-3031B1EADE13}.Debug|Any CPU.Build.0 = Debug|Any CPU
		{B1BEB6E3-4ED5-469C-9A0C-3031B1EADE13}.Release|Any CPU.ActiveCfg = Release|Any CPU
		{B1BEB6E3-4ED5-469C-9A0C-3031B1EADE13}.Release|Any CPU.Build.0 = Release|Any CPU
		{035681ED-7094-43E1-8BA9-7E23B1C5E13B}.Debug|Any CPU.ActiveCfg = Debug|Any CPU
		{035681ED-7094-43E1-8BA9-7E23B1C5E13B}.Debug|Any CPU.Build.0 = Debug|Any CPU
		{035681ED-7094-43E1-8BA9-7E23B1C5E13B}.Release|Any CPU.ActiveCfg = Release|Any CPU
		{035681ED-7094-43E1-8BA9-7E23B1C5E13B}.Release|Any CPU.Build.0 = Release|Any CPU
		{ADEE1976-F947-413B-A18E-EA232F352758}.Debug|Any CPU.ActiveCfg = Debug|Any CPU
		{ADEE1976-F947-413B-A18E-EA232F352758}.Debug|Any CPU.Build.0 = Debug|Any CPU
		{ADEE1976-F947-413B-A18E-EA232F352758}.Release|Any CPU.ActiveCfg = Release|Any CPU
		{ADEE1976-F947-413B-A18E-EA232F352758}.Release|Any CPU.Build.0 = Release|Any CPU
		{C0D47F0B-4CA4-453D-8A30-40E0CF672402}.Debug|Any CPU.ActiveCfg = Debug|Any CPU
		{C0D47F0B-4CA4-453D-8A30-40E0CF672402}.Debug|Any CPU.Build.0 = Debug|Any CPU
		{C0D47F0B-4CA4-453D-8A30-40E0CF672402}.Release|Any CPU.ActiveCfg = Release|Any CPU
		{C0D47F0B-4CA4-453D-8A30-40E0CF672402}.Release|Any CPU.Build.0 = Release|Any CPU
	EndGlobalSection
	GlobalSection(SolutionProperties) = preSolution
		HideSolutionNode = FALSE
	EndGlobalSection
	GlobalSection(ExtensibilityGlobals) = postSolution
		SolutionGuid = {934F19DE-BA58-4525-8A81-86291DDFE372}
	EndGlobalSection
EndGlobal
